
Microsoft Visual Studio Solution File, Format Version 12.00
# Visual Studio Version 16
VisualStudioVersion = 16.0.30717.126
MinimumVisualStudioVersion = 10.0.40219.1
Project("{FAE04EC0-301F-11D3-BF4B-00C04F79EFBC}") = "Puffix.BaseWcfExtensions.Classic", "Puffix.BaseWcfExtensions.Classic\Puffix.BaseWcfExtensions.Classic.csproj", "{CD360534-8ACB-48F5-8CA4-21386CEE7CF1}"
EndProject
Global
	GlobalSection(SolutionConfigurationPlatforms) = preSolution
		Debug|Any CPU = Debug|Any CPU
		Release|Any CPU = Release|Any CPU
	EndGlobalSection
	GlobalSection(ProjectConfigurationPlatforms) = postSolution
		{CD360534-8ACB-48F5-8CA4-21386CEE7CF1}.Debug|Any CPU.ActiveCfg = Debug|Any CPU
		{CD360534-8ACB-48F5-8CA4-21386CEE7CF1}.Debug|Any CPU.Build.0 = Debug|Any CPU
		{CD360534-8ACB-48F5-8CA4-21386CEE7CF1}.Release|Any CPU.ActiveCfg = Release|Any CPU
		{CD360534-8ACB-48F5-8CA4-21386CEE7CF1}.Release|Any CPU.Build.0 = Release|Any CPU
	EndGlobalSection
	GlobalSection(SolutionProperties) = preSolution
		HideSolutionNode = FALSE
	EndGlobalSection
	GlobalSection(ExtensibilityGlobals) = postSolution
		SolutionGuid = {30F933E5-6CDF-475C-9AB6-0EDF93F260DE}
	EndGlobalSection
EndGlobal
